
Microsoft Visual Studio Solution File, Format Version 12.00
# Visual Studio 15
VisualStudioVersion = 15.0.26730.16
MinimumVisualStudioVersion = 10.0.40219.1
Project("{2150E333-8FDC-42A3-9474-1A3956D46DE8}") = "Solution Items", "Solution Items", "{44D8A7FE-8068-4D78-A44D-1C96977D9AED}"
EndProject
Project("{9A19103F-16F7-4668-BE54-9A1E7A4F7556}") = "MissingDIExtensions", "MissingDIExtensions\MissingDIExtensions.csproj", "{B395F3A4-944B-45C4-9C54-AA2954E9FCEB}"
EndProject
Project("{9A19103F-16F7-4668-BE54-9A1E7A4F7556}") = "SampleApplication.Autofac", "SampleApplication.Autofac\SampleApplication.Autofac.csproj", "{AD7AD4EF-C240-422C-BCEA-2385C92A54B9}"
EndProject
Project("{9A19103F-16F7-4668-BE54-9A1E7A4F7556}") = "SampleApplication.Ninject", "SampleApplication.Ninject\SampleApplication.Ninject.csproj", "{84F36B31-8D68-4D57-BF7E-E1739A76021B}"
EndProject
Project("{9A19103F-16F7-4668-BE54-9A1E7A4F7556}") = "SampleApplication.StructureMap", "SampleApplication.StructureMap\SampleApplication.StructureMap.csproj", "{03F01273-C192-4148-8C15-9ED66FF1F0D3}"
EndProject
Project("{9A19103F-16F7-4668-BE54-9A1E7A4F7556}") = "SampleApplication.CastleWindsor", "SampleApplication.CastleWindsor\SampleApplication.CastleWindsor.csproj", "{497DAA26-BB38-4F58-BAA1-FA5A3EFBD4D2}"
EndProject
Project("{9A19103F-16F7-4668-BE54-9A1E7A4F7556}") = "SampleApplication.Unity", "SampleApplication.Unity\SampleApplication.Unity.csproj", "{7B090CCB-B8DB-47D5-82B2-80DC2A012CCF}"
EndProject
Project("{9A19103F-16F7-4668-BE54-9A1E7A4F7556}") = "SampleApplication.SimpleInjector", "SampleApplication.SimpleInjector\SampleApplication.SimpleInjector.csproj", "{FC237712-0C5A-4F2E-A70B-5DCF664F21DC}"
EndProject
Project("{9A19103F-16F7-4668-BE54-9A1E7A4F7556}") = "SampleApplication.PureDI", "SampleApplication.PureDI\SampleApplication.PureDI.csproj", "{24FDA581-7CAA-475D-BE1B-B7D8C01EF913}"
EndProject
Global
	GlobalSection(SolutionConfigurationPlatforms) = preSolution
		Debug|Any CPU = Debug|Any CPU
		Release|Any CPU = Release|Any CPU
	EndGlobalSection
	GlobalSection(ProjectConfigurationPlatforms) = postSolution
		{B395F3A4-944B-45C4-9C54-AA2954E9FCEB}.Debug|Any CPU.ActiveCfg = Debug|Any CPU
		{B395F3A4-944B-45C4-9C54-AA2954E9FCEB}.Debug|Any CPU.Build.0 = Debug|Any CPU
		{B395F3A4-944B-45C4-9C54-AA2954E9FCEB}.Release|Any CPU.ActiveCfg = Release|Any CPU
		{B395F3A4-944B-45C4-9C54-AA2954E9FCEB}.Release|Any CPU.Build.0 = Release|Any CPU
		{AD7AD4EF-C240-422C-BCEA-2385C92A54B9}.Debug|Any CPU.ActiveCfg = Debug|Any CPU
		{AD7AD4EF-C240-422C-BCEA-2385C92A54B9}.Debug|Any CPU.Build.0 = Debug|Any CPU
		{AD7AD4EF-C240-422C-BCEA-2385C92A54B9}.Release|Any CPU.ActiveCfg = Release|Any CPU
		{AD7AD4EF-C240-422C-BCEA-2385C92A54B9}.Release|Any CPU.Build.0 = Release|Any CPU
		{84F36B31-8D68-4D57-BF7E-E1739A76021B}.Debug|Any CPU.ActiveCfg = Debug|Any CPU
		{84F36B31-8D68-4D57-BF7E-E1739A76021B}.Debug|Any CPU.Build.0 = Debug|Any CPU
		{84F36B31-8D68-4D57-BF7E-E1739A76021B}.Release|Any CPU.ActiveCfg = Release|Any CPU
		{84F36B31-8D68-4D57-BF7E-E1739A76021B}.Release|Any CPU.Build.0 = Release|Any CPU
		{03F01273-C192-4148-8C15-9ED66FF1F0D3}.Debug|Any CPU.ActiveCfg = Debug|Any CPU
		{03F01273-C192-4148-8C15-9ED66FF1F0D3}.Debug|Any CPU.Build.0 = Debug|Any CPU
		{03F01273-C192-4148-8C15-9ED66FF1F0D3}.Release|Any CPU.ActiveCfg = Release|Any CPU
		{03F01273-C192-4148-8C15-9ED66FF1F0D3}.Release|Any CPU.Build.0 = Release|Any CPU
		{497DAA26-BB38-4F58-BAA1-FA5A3EFBD4D2}.Debug|Any CPU.ActiveCfg = Debug|Any CPU
		{497DAA26-BB38-4F58-BAA1-FA5A3EFBD4D2}.Debug|Any CPU.Build.0 = Debug|Any CPU
		{497DAA26-BB38-4F58-BAA1-FA5A3EFBD4D2}.Release|Any CPU.ActiveCfg = Release|Any CPU
		{497DAA26-BB38-4F58-BAA1-FA5A3EFBD4D2}.Release|Any CPU.Build.0 = Release|Any CPU
		{7B090CCB-B8DB-47D5-82B2-80DC2A012CCF}.Debug|Any CPU.ActiveCfg = Debug|Any CPU
		{7B090CCB-B8DB-47D5-82B2-80DC2A012CCF}.Debug|Any CPU.Build.0 = Debug|Any CPU
		{7B090CCB-B8DB-47D5-82B2-80DC2A012CCF}.Release|Any CPU.ActiveCfg = Release|Any CPU
		{7B090CCB-B8DB-47D5-82B2-80DC2A012CCF}.Release|Any CPU.Build.0 = Release|Any CPU
		{FC237712-0C5A-4F2E-A70B-5DCF664F21DC}.Debug|Any CPU.ActiveCfg = Debug|Any CPU
		{FC237712-0C5A-4F2E-A70B-5DCF664F21DC}.Debug|Any CPU.Build.0 = Debug|Any CPU
		{FC237712-0C5A-4F2E-A70B-5DCF664F21DC}.Release|Any CPU.ActiveCfg = Release|Any CPU
		{FC237712-0C5A-4F2E-A70B-5DCF664F21DC}.Release|Any CPU.Build.0 = Release|Any CPU
		{24FDA581-7CAA-475D-BE1B-B7D8C01EF913}.Debug|Any CPU.ActiveCfg = Debug|Any CPU
		{24FDA581-7CAA-475D-BE1B-B7D8C01EF913}.Debug|Any CPU.Build.0 = Debug|Any CPU
		{24FDA581-7CAA-475D-BE1B-B7D8C01EF913}.Release|Any CPU.ActiveCfg = Release|Any CPU
		{24FDA581-7CAA-475D-BE1B-B7D8C01EF913}.Release|Any CPU.Build.0 = Release|Any CPU
	EndGlobalSection
	GlobalSection(SolutionProperties) = preSolution
		HideSolutionNode = FALSE
	EndGlobalSection
	GlobalSection(ExtensibilityGlobals) = postSolution
		SolutionGuid = {37D0E863-4F5D-4C6F-AB0A-6F17994B6B36}
	EndGlobalSection
EndGlobal
